
Microsoft Visual Studio Solution File, Format Version 12.00
# Visual Studio Version 16
VisualStudioVersion = 16.0.34031.81
MinimumVisualStudioVersion = 10.0.40219.1
Project("{2150E333-8FDC-42A3-9474-1A3956D46DE8}") = "Task0", "Task0", "{508163EA-4344-45B4-893A-9F632B7EED2D}"
EndProject
Project("{2150E333-8FDC-42A3-9474-1A3956D46DE8}") = "Task1", "Task1", "{4E9F4703-A1C0-4DE1-9331-B08EBBBD54A0}"
EndProject
Project("{FAE04EC0-301F-11D3-BF4B-00C04F79EFBC}") = "Tyuiu.GaleevTS.Sprint1.Task1.V5", "Tyuiu.GaleevTS.Sprint1.Task1.V5\Tyuiu.GaleevTS.Sprint1.Task1.V5.csproj", "{7A3477CB-3092-46CA-9DE3-A43672587EFF}"
EndProject
Project("{FAE04EC0-301F-11D3-BF4B-00C04F79EFBC}") = "Tyuiu.GaleevTS.Sprint1.Task1.V5.Lib", "Tyuiu.GaleevTS.Sprint1.Task1.V5.Lib\Tyuiu.GaleevTS.Sprint1.Task1.V5.Lib.csproj", "{9F9A9CA6-7CF9-4B75-99AF-FF800A988AB4}"
EndProject
Project("{FAE04EC0-301F-11D3-BF4B-00C04F79EFBC}") = "Tyuiu.GaleevTS.Sprint1.Task1.V5.Test", "Tyuiu.GaleevTS.Sprint1.Task1.V5.Test\Tyuiu.GaleevTS.Sprint1.Task1.V5.Test.csproj", "{C170B5D1-C506-4945-9265-83C79511909B}"
EndProject
Project("{FAE04EC0-301F-11D3-BF4B-00C04F79EFBC}") = "Tyuiu.GaleevTS.Sprint1.Task0.V27", "Tyuiu.GaleevTS.Sprint1.Task0.V27\Tyuiu.GaleevTS.Sprint1.Task0.V27.csproj", "{21DB55E6-8704-41B1-B288-0DEE49489B78}"
EndProject
Project("{FAE04EC0-301F-11D3-BF4B-00C04F79EFBC}") = "Tyuiu.GaleevTS.Sprint1.Task0.V27.Lib", "Tyuiu.GaleevTS.Sprint1.Task0.V27.Lib\Tyuiu.GaleevTS.Sprint1.Task0.V27.Lib.csproj", "{576131EB-0EED-4886-A66E-6A60982781A5}"
EndProject
Project("{FAE04EC0-301F-11D3-BF4B-00C04F79EFBC}") = "Tyuiu.GaleevTS.Sprint1.Task0.V27.Test", "Tyuiu.GaleevTS.Sprint1.Task0.V27.Test\Tyuiu.GaleevTS.Sprint1.Task0.V27.Test.csproj", "{EEAF22F6-1662-4A6C-977C-C0A30D7D0493}"
EndProject
Global
	GlobalSection(SolutionConfigurationPlatforms) = preSolution
		Debug|Any CPU = Debug|Any CPU
		Release|Any CPU = Release|Any CPU
	EndGlobalSection
	GlobalSection(ProjectConfigurationPlatforms) = postSolution
		{7A3477CB-3092-46CA-9DE3-A43672587EFF}.Debug|Any CPU.ActiveCfg = Debug|Any CPU
		{7A3477CB-3092-46CA-9DE3-A43672587EFF}.Debug|Any CPU.Build.0 = Debug|Any CPU
		{7A3477CB-3092-46CA-9DE3-A43672587EFF}.Release|Any CPU.ActiveCfg = Release|Any CPU
		{7A3477CB-3092-46CA-9DE3-A43672587EFF}.Release|Any CPU.Build.0 = Release|Any CPU
		{9F9A9CA6-7CF9-4B75-99AF-FF800A988AB4}.Debug|Any CPU.ActiveCfg = Debug|Any CPU
		{9F9A9CA6-7CF9-4B75-99AF-FF800A988AB4}.Debug|Any CPU.Build.0 = Debug|Any CPU
		{9F9A9CA6-7CF9-4B75-99AF-FF800A988AB4}.Release|Any CPU.ActiveCfg = Release|Any CPU
		{9F9A9CA6-7CF9-4B75-99AF-FF800A988AB4}.Release|Any CPU.Build.0 = Release|Any CPU
		{C170B5D1-C506-4945-9265-83C79511909B}.Debug|Any CPU.ActiveCfg = Debug|Any CPU
		{C170B5D1-C506-4945-9265-83C79511909B}.Debug|Any CPU.Build.0 = Debug|Any CPU
		{C170B5D1-C506-4945-9265-83C79511909B}.Release|Any CPU.ActiveCfg = Release|Any CPU
		{C170B5D1-C506-4945-9265-83C79511909B}.Release|Any CPU.Build.0 = Release|Any CPU
		{21DB55E6-8704-41B1-B288-0DEE49489B78}.Debug|Any CPU.ActiveCfg = Debug|Any CPU
		{21DB55E6-8704-41B1-B288-0DEE49489B78}.Debug|Any CPU.Build.0 = Debug|Any CPU
		{21DB55E6-8704-41B1-B288-0DEE49489B78}.Release|Any CPU.ActiveCfg = Release|Any CPU
		{21DB55E6-8704-41B1-B288-0DEE49489B78}.Release|Any CPU.Build.0 = Release|Any CPU
		{576131EB-0EED-4886-A66E-6A60982781A5}.Debug|Any CPU.ActiveCfg = Debug|Any CPU
		{576131EB-0EED-4886-A66E-6A60982781A5}.Debug|Any CPU.Build.0 = Debug|Any CPU
		{576131EB-0EED-4886-A66E-6A60982781A5}.Release|Any CPU.ActiveCfg = Release|Any CPU
		{576131EB-0EED-4886-A66E-6A60982781A5}.Release|Any CPU.Build.0 = Release|Any CPU
		{EEAF22F6-1662-4A6C-977C-C0A30D7D0493}.Debug|Any CPU.ActiveCfg = Debug|Any CPU
		{EEAF22F6-1662-4A6C-977C-C0A30D7D0493}.Debug|Any CPU.Build.0 = Debug|Any CPU
		{EEAF22F6-1662-4A6C-977C-C0A30D7D0493}.Release|Any CPU.ActiveCfg = Release|Any CPU
		{EEAF22F6-1662-4A6C-977C-C0A30D7D0493}.Release|Any CPU.Build.0 = Release|Any CPU
	EndGlobalSection
	GlobalSection(SolutionProperties) = preSolution
		HideSolutionNode = FALSE
	EndGlobalSection
	GlobalSection(NestedProjects) = preSolution
		{7A3477CB-3092-46CA-9DE3-A43672587EFF} = {4E9F4703-A1C0-4DE1-9331-B08EBBBD54A0}
		{9F9A9CA6-7CF9-4B75-99AF-FF800A988AB4} = {4E9F4703-A1C0-4DE1-9331-B08EBBBD54A0}
		{C170B5D1-C506-4945-9265-83C79511909B} = {4E9F4703-A1C0-4DE1-9331-B08EBBBD54A0}
		{21DB55E6-8704-41B1-B288-0DEE49489B78} = {508163EA-4344-45B4-893A-9F632B7EED2D}
		{576131EB-0EED-4886-A66E-6A60982781A5} = {508163EA-4344-45B4-893A-9F632B7EED2D}
		{EEAF22F6-1662-4A6C-977C-C0A30D7D0493} = {508163EA-4344-45B4-893A-9F632B7EED2D}
	EndGlobalSection
	GlobalSection(ExtensibilityGlobals) = postSolution
		SolutionGuid = {06A404B1-7EBE-467E-B10A-4B3C2B2F9150}
	EndGlobalSection
EndGlobal
