
Microsoft Visual Studio Solution File, Format Version 12.00
# Visual Studio Version 16
VisualStudioVersion = 16.0.34031.81
MinimumVisualStudioVersion = 10.0.40219.1
Project("{2150E333-8FDC-42A3-9474-1A3956D46DE8}") = "Task0", "Task0", "{508163EA-4344-45B4-893A-9F632B7EED2D}"
EndProject
Project("{2150E333-8FDC-42A3-9474-1A3956D46DE8}") = "Task1", "Task1", "{4E9F4703-A1C0-4DE1-9331-B08EBBBD54A0}"
EndProject
Project("{FAE04EC0-301F-11D3-BF4B-00C04F79EFBC}") = "Tyuiu.GaleevTS.Sprint1.Task1.V5", "Tyuiu.GaleevTS.Sprint1.Task1.V5\Tyuiu.GaleevTS.Sprint1.Task1.V5.csproj", "{7A3477CB-3092-46CA-9DE3-A43672587EFF}"
EndProject
Project("{FAE04EC0-301F-11D3-BF4B-00C04F79EFBC}") = "Tyuiu.GaleevTS.Sprint1.Task1.V5.Lib", "Tyuiu.GaleevTS.Sprint1.Task1.V5.Lib\Tyuiu.GaleevTS.Sprint1.Task1.V5.Lib.csproj", "{9F9A9CA6-7CF9-4B75-99AF-FF800A988AB4}"
EndProject
Project("{FAE04EC0-301F-11D3-BF4B-00C04F79EFBC}") = "Tyuiu.GaleevTS.Sprint1.Task1.V5.Test", "Tyuiu.GaleevTS.Sprint1.Task1.V5.Test\Tyuiu.GaleevTS.Sprint1.Task1.V5.Test.csproj", "{C170B5D1-C506-4945-9265-83C79511909B}"
EndProject
Project("{FAE04EC0-301F-11D3-BF4B-00C04F79EFBC}") = "Tyuiu.GaleevTS.Sprint1.Task0.V27", "Tyuiu.GaleevTS.Sprint1.Task0.V27\Tyuiu.GaleevTS.Sprint1.Task0.V27.csproj", "{21DB55E6-8704-41B1-B288-0DEE49489B78}"
EndProject
Project("{FAE04EC0-301F-11D3-BF4B-00C04F79EFBC}") = "Tyuiu.GaleevTS.Sprint1.Task0.V27.Lib", "Tyuiu.GaleevTS.Sprint1.Task0.V27.Lib\Tyuiu.GaleevTS.Sprint1.Task0.V27.Lib.csproj", "{576131EB-0EED-4886-A66E-6A60982781A5}"
EndProject
Project("{FAE04EC0-301F-11D3-BF4B-00C04F79EFBC}") = "Tyuiu.GaleevTS.Sprint1.Task0.V27.Test", "Tyuiu.GaleevTS.Sprint1.Task0.V27.Test\Tyuiu.GaleevTS.Sprint1.Task0.V27.Test.csproj", "{EEAF22F6-1662-4A6C-977C-C0A30D7D0493}"
EndProject
Project("{2150E333-8FDC-42A3-9474-1A3956D46DE8}") = "Task2", "Task2", "{C3A0871D-DAF7-49C7-871A-2C8AC41613CA}"
EndProject
Project("{2150E333-8FDC-42A3-9474-1A3956D46DE8}") = "Task3", "Task3", "{E76AE1B3-4BDD-42C8-966D-C52F7096DBE0}"
EndProject
Project("{FAE04EC0-301F-11D3-BF4B-00C04F79EFBC}") = "Tyuiu.GaleevTS.Sprint1.Task3.V10", "Tyuiu.GaleevTS.Sprint1.Task3.V10\Tyuiu.GaleevTS.Sprint1.Task3.V10.csproj", "{C15B15FD-4BD4-480B-A973-E12F565E5369}"
EndProject
Project("{FAE04EC0-301F-11D3-BF4B-00C04F79EFBC}") = "Tyuiu.GaleevTS.Sprint1.Task3.V10.Lib", "Tyuiu.GaleevTS.Sprint1.Task3.V10.Lib\Tyuiu.GaleevTS.Sprint1.Task3.V10.Lib.csproj", "{3FEC3305-9D82-4C58-8191-236EC756E6CE}"
EndProject
Project("{FAE04EC0-301F-11D3-BF4B-00C04F79EFBC}") = "Tyuiu.GaleevTS.Sprint1.Task3.V10.Test", "Tyuiu.GaleevTS.Sprint1.Task3.V10.Test\Tyuiu.GaleevTS.Sprint1.Task3.V10.Test.csproj", "{F93ED689-C29F-4960-BB21-570459D77C97}"
EndProject
Project("{FAE04EC0-301F-11D3-BF4B-00C04F79EFBC}") = "Tyuiu.GaleevTS.Sprint1.Task2.V13", "Tyuiu.GaleevTS.Sprint1.Task2.V13\Tyuiu.GaleevTS.Sprint1.Task2.V13.csproj", "{EDC445F6-0EB4-4296-9795-9ECA2BBE803D}"
EndProject
Project("{FAE04EC0-301F-11D3-BF4B-00C04F79EFBC}") = "Tyuiu.GaleevTS.Sprint1.Task2.V13.Lib", "Tyuiu.GaleevTS.Sprint1.Task2.V13.Lib\Tyuiu.GaleevTS.Sprint1.Task2.V13.Lib.csproj", "{09DBDA48-6C43-4FB3-B8A7-26D000DD88EC}"
EndProject
Project("{FAE04EC0-301F-11D3-BF4B-00C04F79EFBC}") = "Tyuiu.GaleevTS.Sprint1.Task2.V13.Test", "Tyuiu.GaleevTS.Sprint1.Task2.V13.Test\Tyuiu.GaleevTS.Sprint1.Task2.V13.Test.csproj", "{B8A33503-0ED6-4D69-9D48-37F864E1317B}"
EndProject
Project("{2150E333-8FDC-42A3-9474-1A3956D46DE8}") = "Task4", "Task4", "{E999A246-7AB4-4945-A9EE-42E55DC23BA0}"
EndProject
Project("{FAE04EC0-301F-11D3-BF4B-00C04F79EFBC}") = "Tyuiu.GaleevTS.Sprint1.Task4.V29", "Tyuiu.GaleevTS.Sprint1.Task4.V29\Tyuiu.GaleevTS.Sprint1.Task4.V29.csproj", "{BD3A7D44-83C8-4656-93DB-9D4453896C1F}"
EndProject
Project("{FAE04EC0-301F-11D3-BF4B-00C04F79EFBC}") = "Tyuiu.GaleevTS.Sprint1.Task4.V29.Lib", "Tyuiu.GaleevTS.Sprint1.Task4.V29.Lib\Tyuiu.GaleevTS.Sprint1.Task4.V29.Lib.csproj", "{0EE4713A-F511-45CD-92ED-E58D3A708A40}"
EndProject
Project("{FAE04EC0-301F-11D3-BF4B-00C04F79EFBC}") = "Tyuiu.GaleevTS.Sprint1.Task4.V29.Test", "Tyuiu.GaleevTS.Sprint1.Task4.V29.Test\Tyuiu.GaleevTS.Sprint1.Task4.V29.Test.csproj", "{365123C4-EE7F-433C-8B82-33168722490B}"
EndProject
Project("{2150E333-8FDC-42A3-9474-1A3956D46DE8}") = "Task5", "Task5", "{45A5F6E6-EAC2-4902-AE0C-91F0C9FA77C6}"
EndProject
Project("{FAE04EC0-301F-11D3-BF4B-00C04F79EFBC}") = "Tyuiu.GaleevTS.Sprint1.Task5.V2", "Tyuiu.GaleevTS.Sprint1.Task5.V2\Tyuiu.GaleevTS.Sprint1.Task5.V2.csproj", "{A5C55B38-61D1-4045-BA15-898381DEC39E}"
EndProject
Project("{FAE04EC0-301F-11D3-BF4B-00C04F79EFBC}") = "Tyuiu.GaleevTS.Sprint1.Task5.V2.Lib", "Tyuiu.GaleevTS.Sprint1.Task5.V2.Lib\Tyuiu.GaleevTS.Sprint1.Task5.V2.Lib.csproj", "{6749B9DE-843E-4EBC-9411-9F66377C3FAF}"
EndProject
Project("{FAE04EC0-301F-11D3-BF4B-00C04F79EFBC}") = "Tyuiu.GaleevTS.Sprint1.Task5.V2.Test", "Tyuiu.GaleevTS.Sprint1.Task5.V2.Test\Tyuiu.GaleevTS.Sprint1.Task5.V2.Test.csproj", "{124B32C0-1932-414B-ABD9-3C1B95775779}"
EndProject
Project("{2150E333-8FDC-42A3-9474-1A3956D46DE8}") = "Task6", "Task6", "{FAE51F27-7A03-4F14-B782-7958B9FB3598}"
EndProject
Project("{FAE04EC0-301F-11D3-BF4B-00C04F79EFBC}") = "Tyuiu.GaleevTS.Sprint1.Task6.V15", "Tyuiu.GaleevTS.Sprint1.Task6.V15\Tyuiu.GaleevTS.Sprint1.Task6.V15.csproj", "{B90E874E-8E3A-4538-946E-FAF4B566D9FE}"
EndProject
Project("{FAE04EC0-301F-11D3-BF4B-00C04F79EFBC}") = "Tyuiu.GaleevTS.Sprint1.Task6.V15.Lib", "Tyuiu.GaleevTS.Sprint1.Task6.V15.Lib\Tyuiu.GaleevTS.Sprint1.Task6.V15.Lib.csproj", "{FFCC0A03-4E77-46FC-A7C7-4EC0802A8BFF}"
EndProject
Project("{FAE04EC0-301F-11D3-BF4B-00C04F79EFBC}") = "Tyuiu.GaleevTS.Sprint1.Task6.V15.Test", "Tyuiu.GaleevTS.Sprint1.Task6.V15.Test\Tyuiu.GaleevTS.Sprint1.Task6.V15.Test.csproj", "{79251EC6-0D61-48DC-9625-0B5F6F3F6A23}"
EndProject
Project("{2150E333-8FDC-42A3-9474-1A3956D46DE8}") = "Task7", "Task7", "{6E9A379D-F472-43D1-B6D7-D59CC1736B44}"
EndProject
Project("{FAE04EC0-301F-11D3-BF4B-00C04F79EFBC}") = "Tyuiu.GaleevTS.Sprint1.Task7.V8", "Tyuiu.GaleevTS.Sprint1.Task7.V8\Tyuiu.GaleevTS.Sprint1.Task7.V8.csproj", "{DA8FDC8A-836E-46B9-966E-514DC52CA146}"
EndProject
Project("{FAE04EC0-301F-11D3-BF4B-00C04F79EFBC}") = "Tyuiu.GaleevTS.Sprint1.Task7.V8.Lib", "Tyuiu.GaleevTS.Sprint1.Task7.V8.Lib\Tyuiu.GaleevTS.Sprint1.Task7.V8.Lib.csproj", "{D3B36220-4C92-4539-B60A-5CA66D8ED7B0}"
EndProject
Project("{FAE04EC0-301F-11D3-BF4B-00C04F79EFBC}") = "Tyuiu.GaleevTS.Sprint1.Task7.V8.Test", "Tyuiu.GaleevTS.Sprint1.Task7.V8.Test\Tyuiu.GaleevTS.Sprint1.Task7.V8.Test.csproj", "{9A26B336-5C67-4C97-A6DD-8B9CC42D9B55}"
EndProject
Global
	GlobalSection(SolutionConfigurationPlatforms) = preSolution
		Debug|Any CPU = Debug|Any CPU
		Release|Any CPU = Release|Any CPU
	EndGlobalSection
	GlobalSection(ProjectConfigurationPlatforms) = postSolution
		{7A3477CB-3092-46CA-9DE3-A43672587EFF}.Debug|Any CPU.ActiveCfg = Debug|Any CPU
		{7A3477CB-3092-46CA-9DE3-A43672587EFF}.Debug|Any CPU.Build.0 = Debug|Any CPU
		{7A3477CB-3092-46CA-9DE3-A43672587EFF}.Release|Any CPU.ActiveCfg = Release|Any CPU
		{7A3477CB-3092-46CA-9DE3-A43672587EFF}.Release|Any CPU.Build.0 = Release|Any CPU
		{9F9A9CA6-7CF9-4B75-99AF-FF800A988AB4}.Debug|Any CPU.ActiveCfg = Debug|Any CPU
		{9F9A9CA6-7CF9-4B75-99AF-FF800A988AB4}.Debug|Any CPU.Build.0 = Debug|Any CPU
		{9F9A9CA6-7CF9-4B75-99AF-FF800A988AB4}.Release|Any CPU.ActiveCfg = Release|Any CPU
		{9F9A9CA6-7CF9-4B75-99AF-FF800A988AB4}.Release|Any CPU.Build.0 = Release|Any CPU
		{C170B5D1-C506-4945-9265-83C79511909B}.Debug|Any CPU.ActiveCfg = Debug|Any CPU
		{C170B5D1-C506-4945-9265-83C79511909B}.Debug|Any CPU.Build.0 = Debug|Any CPU
		{C170B5D1-C506-4945-9265-83C79511909B}.Release|Any CPU.ActiveCfg = Release|Any CPU
		{C170B5D1-C506-4945-9265-83C79511909B}.Release|Any CPU.Build.0 = Release|Any CPU
		{21DB55E6-8704-41B1-B288-0DEE49489B78}.Debug|Any CPU.ActiveCfg = Debug|Any CPU
		{21DB55E6-8704-41B1-B288-0DEE49489B78}.Debug|Any CPU.Build.0 = Debug|Any CPU
		{21DB55E6-8704-41B1-B288-0DEE49489B78}.Release|Any CPU.ActiveCfg = Release|Any CPU
		{21DB55E6-8704-41B1-B288-0DEE49489B78}.Release|Any CPU.Build.0 = Release|Any CPU
		{576131EB-0EED-4886-A66E-6A60982781A5}.Debug|Any CPU.ActiveCfg = Debug|Any CPU
		{576131EB-0EED-4886-A66E-6A60982781A5}.Debug|Any CPU.Build.0 = Debug|Any CPU
		{576131EB-0EED-4886-A66E-6A60982781A5}.Release|Any CPU.ActiveCfg = Release|Any CPU
		{576131EB-0EED-4886-A66E-6A60982781A5}.Release|Any CPU.Build.0 = Release|Any CPU
		{EEAF22F6-1662-4A6C-977C-C0A30D7D0493}.Debug|Any CPU.ActiveCfg = Debug|Any CPU
		{EEAF22F6-1662-4A6C-977C-C0A30D7D0493}.Debug|Any CPU.Build.0 = Debug|Any CPU
		{EEAF22F6-1662-4A6C-977C-C0A30D7D0493}.Release|Any CPU.ActiveCfg = Release|Any CPU
		{EEAF22F6-1662-4A6C-977C-C0A30D7D0493}.Release|Any CPU.Build.0 = Release|Any CPU
		{C15B15FD-4BD4-480B-A973-E12F565E5369}.Debug|Any CPU.ActiveCfg = Debug|Any CPU
		{C15B15FD-4BD4-480B-A973-E12F565E5369}.Debug|Any CPU.Build.0 = Debug|Any CPU
		{C15B15FD-4BD4-480B-A973-E12F565E5369}.Release|Any CPU.ActiveCfg = Release|Any CPU
		{C15B15FD-4BD4-480B-A973-E12F565E5369}.Release|Any CPU.Build.0 = Release|Any CPU
		{3FEC3305-9D82-4C58-8191-236EC756E6CE}.Debug|Any CPU.ActiveCfg = Debug|Any CPU
		{3FEC3305-9D82-4C58-8191-236EC756E6CE}.Debug|Any CPU.Build.0 = Debug|Any CPU
		{3FEC3305-9D82-4C58-8191-236EC756E6CE}.Release|Any CPU.ActiveCfg = Release|Any CPU
		{3FEC3305-9D82-4C58-8191-236EC756E6CE}.Release|Any CPU.Build.0 = Release|Any CPU
		{F93ED689-C29F-4960-BB21-570459D77C97}.Debug|Any CPU.ActiveCfg = Debug|Any CPU
		{F93ED689-C29F-4960-BB21-570459D77C97}.Debug|Any CPU.Build.0 = Debug|Any CPU
		{F93ED689-C29F-4960-BB21-570459D77C97}.Release|Any CPU.ActiveCfg = Release|Any CPU
		{F93ED689-C29F-4960-BB21-570459D77C97}.Release|Any CPU.Build.0 = Release|Any CPU
		{EDC445F6-0EB4-4296-9795-9ECA2BBE803D}.Debug|Any CPU.ActiveCfg = Debug|Any CPU
		{EDC445F6-0EB4-4296-9795-9ECA2BBE803D}.Debug|Any CPU.Build.0 = Debug|Any CPU
		{EDC445F6-0EB4-4296-9795-9ECA2BBE803D}.Release|Any CPU.ActiveCfg = Release|Any CPU
		{EDC445F6-0EB4-4296-9795-9ECA2BBE803D}.Release|Any CPU.Build.0 = Release|Any CPU
		{09DBDA48-6C43-4FB3-B8A7-26D000DD88EC}.Debug|Any CPU.ActiveCfg = Debug|Any CPU
		{09DBDA48-6C43-4FB3-B8A7-26D000DD88EC}.Debug|Any CPU.Build.0 = Debug|Any CPU
		{09DBDA48-6C43-4FB3-B8A7-26D000DD88EC}.Release|Any CPU.ActiveCfg = Release|Any CPU
		{09DBDA48-6C43-4FB3-B8A7-26D000DD88EC}.Release|Any CPU.Build.0 = Release|Any CPU
		{B8A33503-0ED6-4D69-9D48-37F864E1317B}.Debug|Any CPU.ActiveCfg = Debug|Any CPU
		{B8A33503-0ED6-4D69-9D48-37F864E1317B}.Debug|Any CPU.Build.0 = Debug|Any CPU
		{B8A33503-0ED6-4D69-9D48-37F864E1317B}.Release|Any CPU.ActiveCfg = Release|Any CPU
		{B8A33503-0ED6-4D69-9D48-37F864E1317B}.Release|Any CPU.Build.0 = Release|Any CPU
		{BD3A7D44-83C8-4656-93DB-9D4453896C1F}.Debug|Any CPU.ActiveCfg = Debug|Any CPU
		{BD3A7D44-83C8-4656-93DB-9D4453896C1F}.Debug|Any CPU.Build.0 = Debug|Any CPU
		{BD3A7D44-83C8-4656-93DB-9D4453896C1F}.Release|Any CPU.ActiveCfg = Release|Any CPU
		{BD3A7D44-83C8-4656-93DB-9D4453896C1F}.Release|Any CPU.Build.0 = Release|Any CPU
		{0EE4713A-F511-45CD-92ED-E58D3A708A40}.Debug|Any CPU.ActiveCfg = Debug|Any CPU
		{0EE4713A-F511-45CD-92ED-E58D3A708A40}.Debug|Any CPU.Build.0 = Debug|Any CPU
		{0EE4713A-F511-45CD-92ED-E58D3A708A40}.Release|Any CPU.ActiveCfg = Release|Any CPU
		{0EE4713A-F511-45CD-92ED-E58D3A708A40}.Release|Any CPU.Build.0 = Release|Any CPU
		{365123C4-EE7F-433C-8B82-33168722490B}.Debug|Any CPU.ActiveCfg = Debug|Any CPU
		{365123C4-EE7F-433C-8B82-33168722490B}.Debug|Any CPU.Build.0 = Debug|Any CPU
		{365123C4-EE7F-433C-8B82-33168722490B}.Release|Any CPU.ActiveCfg = Release|Any CPU
		{365123C4-EE7F-433C-8B82-33168722490B}.Release|Any CPU.Build.0 = Release|Any CPU
		{A5C55B38-61D1-4045-BA15-898381DEC39E}.Debug|Any CPU.ActiveCfg = Debug|Any CPU
		{A5C55B38-61D1-4045-BA15-898381DEC39E}.Debug|Any CPU.Build.0 = Debug|Any CPU
		{A5C55B38-61D1-4045-BA15-898381DEC39E}.Release|Any CPU.ActiveCfg = Release|Any CPU
		{A5C55B38-61D1-4045-BA15-898381DEC39E}.Release|Any CPU.Build.0 = Release|Any CPU
		{6749B9DE-843E-4EBC-9411-9F66377C3FAF}.Debug|Any CPU.ActiveCfg = Debug|Any CPU
		{6749B9DE-843E-4EBC-9411-9F66377C3FAF}.Debug|Any CPU.Build.0 = Debug|Any CPU
		{6749B9DE-843E-4EBC-9411-9F66377C3FAF}.Release|Any CPU.ActiveCfg = Release|Any CPU
		{6749B9DE-843E-4EBC-9411-9F66377C3FAF}.Release|Any CPU.Build.0 = Release|Any CPU
		{124B32C0-1932-414B-ABD9-3C1B95775779}.Debug|Any CPU.ActiveCfg = Debug|Any CPU
		{124B32C0-1932-414B-ABD9-3C1B95775779}.Debug|Any CPU.Build.0 = Debug|Any CPU
		{124B32C0-1932-414B-ABD9-3C1B95775779}.Release|Any CPU.ActiveCfg = Release|Any CPU
		{124B32C0-1932-414B-ABD9-3C1B95775779}.Release|Any CPU.Build.0 = Release|Any CPU
		{B90E874E-8E3A-4538-946E-FAF4B566D9FE}.Debug|Any CPU.ActiveCfg = Debug|Any CPU
		{B90E874E-8E3A-4538-946E-FAF4B566D9FE}.Debug|Any CPU.Build.0 = Debug|Any CPU
		{B90E874E-8E3A-4538-946E-FAF4B566D9FE}.Release|Any CPU.ActiveCfg = Release|Any CPU
		{B90E874E-8E3A-4538-946E-FAF4B566D9FE}.Release|Any CPU.Build.0 = Release|Any CPU
		{FFCC0A03-4E77-46FC-A7C7-4EC0802A8BFF}.Debug|Any CPU.ActiveCfg = Debug|Any CPU
		{FFCC0A03-4E77-46FC-A7C7-4EC0802A8BFF}.Debug|Any CPU.Build.0 = Debug|Any CPU
		{FFCC0A03-4E77-46FC-A7C7-4EC0802A8BFF}.Release|Any CPU.ActiveCfg = Release|Any CPU
		{FFCC0A03-4E77-46FC-A7C7-4EC0802A8BFF}.Release|Any CPU.Build.0 = Release|Any CPU
		{79251EC6-0D61-48DC-9625-0B5F6F3F6A23}.Debug|Any CPU.ActiveCfg = Debug|Any CPU
		{79251EC6-0D61-48DC-9625-0B5F6F3F6A23}.Debug|Any CPU.Build.0 = Debug|Any CPU
		{79251EC6-0D61-48DC-9625-0B5F6F3F6A23}.Release|Any CPU.ActiveCfg = Release|Any CPU
		{79251EC6-0D61-48DC-9625-0B5F6F3F6A23}.Release|Any CPU.Build.0 = Release|Any CPU
		{DA8FDC8A-836E-46B9-966E-514DC52CA146}.Debug|Any CPU.ActiveCfg = Debug|Any CPU
		{DA8FDC8A-836E-46B9-966E-514DC52CA146}.Debug|Any CPU.Build.0 = Debug|Any CPU
		{DA8FDC8A-836E-46B9-966E-514DC52CA146}.Release|Any CPU.ActiveCfg = Release|Any CPU
		{DA8FDC8A-836E-46B9-966E-514DC52CA146}.Release|Any CPU.Build.0 = Release|Any CPU
		{D3B36220-4C92-4539-B60A-5CA66D8ED7B0}.Debug|Any CPU.ActiveCfg = Debug|Any CPU
		{D3B36220-4C92-4539-B60A-5CA66D8ED7B0}.Debug|Any CPU.Build.0 = Debug|Any CPU
		{D3B36220-4C92-4539-B60A-5CA66D8ED7B0}.Release|Any CPU.ActiveCfg = Release|Any CPU
		{D3B36220-4C92-4539-B60A-5CA66D8ED7B0}.Release|Any CPU.Build.0 = Release|Any CPU
		{9A26B336-5C67-4C97-A6DD-8B9CC42D9B55}.Debug|Any CPU.ActiveCfg = Debug|Any CPU
		{9A26B336-5C67-4C97-A6DD-8B9CC42D9B55}.Debug|Any CPU.Build.0 = Debug|Any CPU
		{9A26B336-5C67-4C97-A6DD-8B9CC42D9B55}.Release|Any CPU.ActiveCfg = Release|Any CPU
		{9A26B336-5C67-4C97-A6DD-8B9CC42D9B55}.Release|Any CPU.Build.0 = Release|Any CPU
	EndGlobalSection
	GlobalSection(SolutionProperties) = preSolution
		HideSolutionNode = FALSE
	EndGlobalSection
	GlobalSection(NestedProjects) = preSolution
		{7A3477CB-3092-46CA-9DE3-A43672587EFF} = {4E9F4703-A1C0-4DE1-9331-B08EBBBD54A0}
		{9F9A9CA6-7CF9-4B75-99AF-FF800A988AB4} = {4E9F4703-A1C0-4DE1-9331-B08EBBBD54A0}
		{C170B5D1-C506-4945-9265-83C79511909B} = {4E9F4703-A1C0-4DE1-9331-B08EBBBD54A0}
		{21DB55E6-8704-41B1-B288-0DEE49489B78} = {508163EA-4344-45B4-893A-9F632B7EED2D}
		{576131EB-0EED-4886-A66E-6A60982781A5} = {508163EA-4344-45B4-893A-9F632B7EED2D}
		{EEAF22F6-1662-4A6C-977C-C0A30D7D0493} = {508163EA-4344-45B4-893A-9F632B7EED2D}
		{C15B15FD-4BD4-480B-A973-E12F565E5369} = {E76AE1B3-4BDD-42C8-966D-C52F7096DBE0}
		{3FEC3305-9D82-4C58-8191-236EC756E6CE} = {E76AE1B3-4BDD-42C8-966D-C52F7096DBE0}
		{F93ED689-C29F-4960-BB21-570459D77C97} = {E76AE1B3-4BDD-42C8-966D-C52F7096DBE0}
		{EDC445F6-0EB4-4296-9795-9ECA2BBE803D} = {C3A0871D-DAF7-49C7-871A-2C8AC41613CA}
		{09DBDA48-6C43-4FB3-B8A7-26D000DD88EC} = {C3A0871D-DAF7-49C7-871A-2C8AC41613CA}
		{B8A33503-0ED6-4D69-9D48-37F864E1317B} = {C3A0871D-DAF7-49C7-871A-2C8AC41613CA}
		{BD3A7D44-83C8-4656-93DB-9D4453896C1F} = {E999A246-7AB4-4945-A9EE-42E55DC23BA0}
		{0EE4713A-F511-45CD-92ED-E58D3A708A40} = {E999A246-7AB4-4945-A9EE-42E55DC23BA0}
		{365123C4-EE7F-433C-8B82-33168722490B} = {E999A246-7AB4-4945-A9EE-42E55DC23BA0}
		{A5C55B38-61D1-4045-BA15-898381DEC39E} = {45A5F6E6-EAC2-4902-AE0C-91F0C9FA77C6}
		{6749B9DE-843E-4EBC-9411-9F66377C3FAF} = {45A5F6E6-EAC2-4902-AE0C-91F0C9FA77C6}
		{124B32C0-1932-414B-ABD9-3C1B95775779} = {45A5F6E6-EAC2-4902-AE0C-91F0C9FA77C6}
		{B90E874E-8E3A-4538-946E-FAF4B566D9FE} = {FAE51F27-7A03-4F14-B782-7958B9FB3598}
		{FFCC0A03-4E77-46FC-A7C7-4EC0802A8BFF} = {FAE51F27-7A03-4F14-B782-7958B9FB3598}
		{79251EC6-0D61-48DC-9625-0B5F6F3F6A23} = {FAE51F27-7A03-4F14-B782-7958B9FB3598}
		{DA8FDC8A-836E-46B9-966E-514DC52CA146} = {6E9A379D-F472-43D1-B6D7-D59CC1736B44}
		{D3B36220-4C92-4539-B60A-5CA66D8ED7B0} = {6E9A379D-F472-43D1-B6D7-D59CC1736B44}
		{9A26B336-5C67-4C97-A6DD-8B9CC42D9B55} = {6E9A379D-F472-43D1-B6D7-D59CC1736B44}
	EndGlobalSection
	GlobalSection(ExtensibilityGlobals) = postSolution
		SolutionGuid = {06A404B1-7EBE-467E-B10A-4B3C2B2F9150}
	EndGlobalSection
EndGlobal
